// !$*UTF8*$!
{
	archiveVersion = 1;
	classes = {
	};
	objectVersion = 56;
	objects = {

/* Begin PBXBuildFile section */
		7CA3912F2B866EA300A24FE5 /* AppDelegate.swift in Sources */ = {isa = PBXBuildFile; fileRef = 7CA3912E2B866EA300A24FE5 /* AppDelegate.swift */; };
		7CA391312B866EA300A24FE5 /* SceneDelegate.swift in Sources */ = {isa = PBXBuildFile; fileRef = 7CA391302B866EA300A24FE5 /* SceneDelegate.swift */; };
		7CA391332B866EA300A24FE5 /* ViewController.swift in Sources */ = {isa = PBXBuildFile; fileRef = 7CA391322B866EA300A24FE5 /* ViewController.swift */; };
		7CA391362B866EA300A24FE5 /* Main.storyboard in Resources */ = {isa = PBXBuildFile; fileRef = 7CA391342B866EA300A24FE5 /* Main.storyboard */; };
		7CA391382B866EA500A24FE5 /* Assets.xcassets in Resources */ = {isa = PBXBuildFile; fileRef = 7CA391372B866EA500A24FE5 /* Assets.xcassets */; };
		7CA3913B2B866EA500A24FE5 /* LaunchScreen.storyboard in Resources */ = {isa = PBXBuildFile; fileRef = 7CA391392B866EA500A24FE5 /* LaunchScreen.storyboard */; };
		7CA391462B866EA500A24FE5 /* EasyEventsTests.swift in Sources */ = {isa = PBXBuildFile; fileRef = 7CA391452B866EA500A24FE5 /* EasyEventsTests.swift */; };
		7CA391502B866EA500A24FE5 /* EasyEventsUITests.swift in Sources */ = {isa = PBXBuildFile; fileRef = 7CA3914F2B866EA500A24FE5 /* EasyEventsUITests.swift */; };
		7CA391522B866EA500A24FE5 /* EasyEventsUITestsLaunchTests.swift in Sources */ = {isa = PBXBuildFile; fileRef = 7CA391512B866EA500A24FE5 /* EasyEventsUITestsLaunchTests.swift */; };
		7CA3915F2B86701400A24FE5 /* EasyEvents.swift in Sources */ = {isa = PBXBuildFile; fileRef = 7CA3915E2B86701400A24FE5 /* EasyEvents.swift */; };
		7CA391622B8670B000A24FE5 /* Lottie in Frameworks */ = {isa = PBXBuildFile; productRef = 7CA391612B8670B000A24FE5 /* Lottie */; };
		869FA3742B88056700E59550 /* AnimatedGradientView in Frameworks */ = {isa = PBXBuildFile; productRef = 869FA3732B88056700E59550 /* AnimatedGradientView */; };
/* End PBXBuildFile section */

/* Begin PBXContainerItemProxy section */
		7CA391422B866EA500A24FE5 /* PBXContainerItemProxy */ = {
			isa = PBXContainerItemProxy;
			containerPortal = 7CA391232B866EA300A24FE5 /* Project object */;
			proxyType = 1;
			remoteGlobalIDString = 7CA3912A2B866EA300A24FE5;
			remoteInfo = EasyEvents;
		};
		7CA3914C2B866EA500A24FE5 /* PBXContainerItemProxy */ = {
			isa = PBXContainerItemProxy;
			containerPortal = 7CA391232B866EA300A24FE5 /* Project object */;
			proxyType = 1;
			remoteGlobalIDString = 7CA3912A2B866EA300A24FE5;
			remoteInfo = EasyEvents;
		};
/* End PBXContainerItemProxy section */

/* Begin PBXFileReference section */
		7CA3912B2B866EA300A24FE5 /* EasyEvents.app */ = {isa = PBXFileReference; explicitFileType = wrapper.application; includeInIndex = 0; path = EasyEvents.app; sourceTree = BUILT_PRODUCTS_DIR; };
		7CA3912E2B866EA300A24FE5 /* AppDelegate.swift */ = {isa = PBXFileReference; lastKnownFileType = sourcecode.swift; path = AppDelegate.swift; sourceTree = "<group>"; };
		7CA391302B866EA300A24FE5 /* SceneDelegate.swift */ = {isa = PBXFileReference; lastKnownFileType = sourcecode.swift; path = SceneDelegate.swift; sourceTree = "<group>"; };
		7CA391322B866EA300A24FE5 /* ViewController.swift */ = {isa = PBXFileReference; lastKnownFileType = sourcecode.swift; path = ViewController.swift; sourceTree = "<group>"; };
		7CA391352B866EA300A24FE5 /* Base */ = {isa = PBXFileReference; lastKnownFileType = file.storyboard; name = Base; path = Base.lproj/Main.storyboard; sourceTree = "<group>"; };
		7CA391372B866EA500A24FE5 /* Assets.xcassets */ = {isa = PBXFileReference; lastKnownFileType = folder.assetcatalog; path = Assets.xcassets; sourceTree = "<group>"; };
		7CA3913A2B866EA500A24FE5 /* Base */ = {isa = PBXFileReference; lastKnownFileType = file.storyboard; name = Base; path = Base.lproj/LaunchScreen.storyboard; sourceTree = "<group>"; };
		7CA3913C2B866EA500A24FE5 /* Info.plist */ = {isa = PBXFileReference; lastKnownFileType = text.plist.xml; path = Info.plist; sourceTree = "<group>"; };
		7CA391412B866EA500A24FE5 /* EasyEventsTests.xctest */ = {isa = PBXFileReference; explicitFileType = wrapper.cfbundle; includeInIndex = 0; path = EasyEventsTests.xctest; sourceTree = BUILT_PRODUCTS_DIR; };
		7CA391452B866EA500A24FE5 /* EasyEventsTests.swift */ = {isa = PBXFileReference; lastKnownFileType = sourcecode.swift; path = EasyEventsTests.swift; sourceTree = "<group>"; };
		7CA3914B2B866EA500A24FE5 /* EasyEventsUITests.xctest */ = {isa = PBXFileReference; explicitFileType = wrapper.cfbundle; includeInIndex = 0; path = EasyEventsUITests.xctest; sourceTree = BUILT_PRODUCTS_DIR; };
		7CA3914F2B866EA500A24FE5 /* EasyEventsUITests.swift */ = {isa = PBXFileReference; lastKnownFileType = sourcecode.swift; path = EasyEventsUITests.swift; sourceTree = "<group>"; };
		7CA391512B866EA500A24FE5 /* EasyEventsUITestsLaunchTests.swift */ = {isa = PBXFileReference; lastKnownFileType = sourcecode.swift; path = EasyEventsUITestsLaunchTests.swift; sourceTree = "<group>"; };
		7CA3915E2B86701400A24FE5 /* EasyEvents.swift */ = {isa = PBXFileReference; lastKnownFileType = sourcecode.swift; path = EasyEvents.swift; sourceTree = "<group>"; };
/* End PBXFileReference section */

/* Begin PBXFrameworksBuildPhase section */
		7CA391282B866EA300A24FE5 /* Frameworks */ = {
			isa = PBXFrameworksBuildPhase;
			buildActionMask = 2147483647;
			files = (
				869FA3742B88056700E59550 /* AnimatedGradientView in Frameworks */,
				7CA391622B8670B000A24FE5 /* Lottie in Frameworks */,
			);
			runOnlyForDeploymentPostprocessing = 0;
		};
		7CA3913E2B866EA500A24FE5 /* Frameworks */ = {
			isa = PBXFrameworksBuildPhase;
			buildActionMask = 2147483647;
			files = (
			);
			runOnlyForDeploymentPostprocessing = 0;
		};
		7CA391482B866EA500A24FE5 /* Frameworks */ = {
			isa = PBXFrameworksBuildPhase;
			buildActionMask = 2147483647;
			files = (
			);
			runOnlyForDeploymentPostprocessing = 0;
		};
/* End PBXFrameworksBuildPhase section */

/* Begin PBXGroup section */
		7CA391222B866EA300A24FE5 = {
			isa = PBXGroup;
			children = (
				7CA3912D2B866EA300A24FE5 /* EasyEvents */,
				7CA391442B866EA500A24FE5 /* EasyEventsTests */,
				7CA3914E2B866EA500A24FE5 /* EasyEventsUITests */,
				7CA3912C2B866EA300A24FE5 /* Products */,
			);
			sourceTree = "<group>";
		};
		7CA3912C2B866EA300A24FE5 /* Products */ = {
			isa = PBXGroup;
			children = (
				7CA3912B2B866EA300A24FE5 /* EasyEvents.app */,
				7CA391412B866EA500A24FE5 /* EasyEventsTests.xctest */,
				7CA3914B2B866EA500A24FE5 /* EasyEventsUITests.xctest */,
			);
			name = Products;
			sourceTree = "<group>";
		};
		7CA3912D2B866EA300A24FE5 /* EasyEvents */ = {
			isa = PBXGroup;
			children = (
				7CA3912E2B866EA300A24FE5 /* AppDelegate.swift */,
				7CA391302B866EA300A24FE5 /* SceneDelegate.swift */,
				7CA391322B866EA300A24FE5 /* ViewController.swift */,
				7CA391342B866EA300A24FE5 /* Main.storyboard */,
				7CA3915E2B86701400A24FE5 /* EasyEvents.swift */,
				7CA391372B866EA500A24FE5 /* Assets.xcassets */,
				7CA391392B866EA500A24FE5 /* LaunchScreen.storyboard */,
				7CA3913C2B866EA500A24FE5 /* Info.plist */,
			);
			path = EasyEvents;
			sourceTree = "<group>";
		};
		7CA391442B866EA500A24FE5 /* EasyEventsTests */ = {
			isa = PBXGroup;
			children = (
				7CA391452B866EA500A24FE5 /* EasyEventsTests.swift */,
			);
			path = EasyEventsTests;
			sourceTree = "<group>";
		};
		7CA3914E2B866EA500A24FE5 /* EasyEventsUITests */ = {
			isa = PBXGroup;
			children = (
				7CA3914F2B866EA500A24FE5 /* EasyEventsUITests.swift */,
				7CA391512B866EA500A24FE5 /* EasyEventsUITestsLaunchTests.swift */,
			);
			path = EasyEventsUITests;
			sourceTree = "<group>";
		};
/* End PBXGroup section */

/* Begin PBXNativeTarget section */
		7CA3912A2B866EA300A24FE5 /* EasyEvents */ = {
			isa = PBXNativeTarget;
			buildConfigurationList = 7CA391552B866EA500A24FE5 /* Build configuration list for PBXNativeTarget "EasyEvents" */;
			buildPhases = (
				7CA391272B866EA300A24FE5 /* Sources */,
				7CA391282B866EA300A24FE5 /* Frameworks */,
				7CA391292B866EA300A24FE5 /* Resources */,
			);
			buildRules = (
			);
			dependencies = (
			);
			name = EasyEvents;
			packageProductDependencies = (
				7CA391612B8670B000A24FE5 /* Lottie */,
				869FA3732B88056700E59550 /* AnimatedGradientView */,
			);
			productName = EasyEvents;
			productReference = 7CA3912B2B866EA300A24FE5 /* EasyEvents.app */;
			productType = "com.apple.product-type.application";
		};
		7CA391402B866EA500A24FE5 /* EasyEventsTests */ = {
			isa = PBXNativeTarget;
			buildConfigurationList = 7CA391582B866EA500A24FE5 /* Build configuration list for PBXNativeTarget "EasyEventsTests" */;
			buildPhases = (
				7CA3913D2B866EA500A24FE5 /* Sources */,
				7CA3913E2B866EA500A24FE5 /* Frameworks */,
				7CA3913F2B866EA500A24FE5 /* Resources */,
			);
			buildRules = (
			);
			dependencies = (
				7CA391432B866EA500A24FE5 /* PBXTargetDependency */,
			);
			name = EasyEventsTests;
			productName = EasyEventsTests;
			productReference = 7CA391412B866EA500A24FE5 /* EasyEventsTests.xctest */;
			productType = "com.apple.product-type.bundle.unit-test";
		};
		7CA3914A2B866EA500A24FE5 /* EasyEventsUITests */ = {
			isa = PBXNativeTarget;
			buildConfigurationList = 7CA3915B2B866EA500A24FE5 /* Build configuration list for PBXNativeTarget "EasyEventsUITests" */;
			buildPhases = (
				7CA391472B866EA500A24FE5 /* Sources */,
				7CA391482B866EA500A24FE5 /* Frameworks */,
				7CA391492B866EA500A24FE5 /* Resources */,
			);
			buildRules = (
			);
			dependencies = (
				7CA3914D2B866EA500A24FE5 /* PBXTargetDependency */,
			);
			name = EasyEventsUITests;
			productName = EasyEventsUITests;
			productReference = 7CA3914B2B866EA500A24FE5 /* EasyEventsUITests.xctest */;
			productType = "com.apple.product-type.bundle.ui-testing";
		};
/* End PBXNativeTarget section */

/* Begin PBXProject section */
		7CA391232B866EA300A24FE5 /* Project object */ = {
			isa = PBXProject;
			attributes = {
				BuildIndependentTargetsInParallel = 1;
				LastSwiftUpdateCheck = 1520;
				LastUpgradeCheck = 1520;
				TargetAttributes = {
					7CA3912A2B866EA300A24FE5 = {
						CreatedOnToolsVersion = 15.2;
					};
					7CA391402B866EA500A24FE5 = {
						CreatedOnToolsVersion = 15.2;
						TestTargetID = 7CA3912A2B866EA300A24FE5;
					};
					7CA3914A2B866EA500A24FE5 = {
						CreatedOnToolsVersion = 15.2;
						TestTargetID = 7CA3912A2B866EA300A24FE5;
					};
				};
			};
			buildConfigurationList = 7CA391262B866EA300A24FE5 /* Build configuration list for PBXProject "EasyEvents" */;
			compatibilityVersion = "Xcode 14.0";
			developmentRegion = en;
			hasScannedForEncodings = 0;
			knownRegions = (
				en,
				Base,
			);
			mainGroup = 7CA391222B866EA300A24FE5;
			packageReferences = (
				7CA391602B8670B000A24FE5 /* XCRemoteSwiftPackageReference "lottie-ios" */,
				869FA3722B88056700E59550 /* XCRemoteSwiftPackageReference "AnimatedGradientView" */,
			);
			productRefGroup = 7CA3912C2B866EA300A24FE5 /* Products */;
			projectDirPath = "";
			projectRoot = "";
			targets = (
				7CA3912A2B866EA300A24FE5 /* EasyEvents */,
				7CA391402B866EA500A24FE5 /* EasyEventsTests */,
				7CA3914A2B866EA500A24FE5 /* EasyEventsUITests */,
			);
		};
/* End PBXProject section */

/* Begin PBXResourcesBuildPhase section */
		7CA391292B866EA300A24FE5 /* Resources */ = {
			isa = PBXResourcesBuildPhase;
			buildActionMask = 2147483647;
			files = (
				7CA3913B2B866EA500A24FE5 /* LaunchScreen.storyboard in Resources */,
				7CA391382B866EA500A24FE5 /* Assets.xcassets in Resources */,
				7CA391362B866EA300A24FE5 /* Main.storyboard in Resources */,
			);
			runOnlyForDeploymentPostprocessing = 0;
		};
		7CA3913F2B866EA500A24FE5 /* Resources */ = {
			isa = PBXResourcesBuildPhase;
			buildActionMask = 2147483647;
			files = (
			);
			runOnlyForDeploymentPostprocessing = 0;
		};
		7CA391492B866EA500A24FE5 /* Resources */ = {
			isa = PBXResourcesBuildPhase;
			buildActionMask = 2147483647;
			files = (
			);
			runOnlyForDeploymentPostprocessing = 0;
		};
/* End PBXResourcesBuildPhase section */

/* Begin PBXSourcesBuildPhase section */
		7CA391272B866EA300A24FE5 /* Sources */ = {
			isa = PBXSourcesBuildPhase;
			buildActionMask = 2147483647;
			files = (
				7CA391332B866EA300A24FE5 /* ViewController.swift in Sources */,
				7CA3912F2B866EA300A24FE5 /* AppDelegate.swift in Sources */,
				7CA3915F2B86701400A24FE5 /* EasyEvents.swift in Sources */,
				7CA391312B866EA300A24FE5 /* SceneDelegate.swift in Sources */,
			);
			runOnlyForDeploymentPostprocessing = 0;
		};
		7CA3913D2B866EA500A24FE5 /* Sources */ = {
			isa = PBXSourcesBuildPhase;
			buildActionMask = 2147483647;
			files = (
				7CA391462B866EA500A24FE5 /* EasyEventsTests.swift in Sources */,
			);
			runOnlyForDeploymentPostprocessing = 0;
		};
		7CA391472B866EA500A24FE5 /* Sources */ = {
			isa = PBXSourcesBuildPhase;
			buildActionMask = 2147483647;
			files = (
				7CA391502B866EA500A24FE5 /* EasyEventsUITests.swift in Sources */,
				7CA391522B866EA500A24FE5 /* EasyEventsUITestsLaunchTests.swift in Sources */,
			);
			runOnlyForDeploymentPostprocessing = 0;
		};
/* End PBXSourcesBuildPhase section */

/* Begin PBXTargetDependency section */
		7CA391432B866EA500A24FE5 /* PBXTargetDependency */ = {
			isa = PBXTargetDependency;
			target = 7CA3912A2B866EA300A24FE5 /* EasyEvents */;
			targetProxy = 7CA391422B866EA500A24FE5 /* PBXContainerItemProxy */;
		};
		7CA3914D2B866EA500A24FE5 /* PBXTargetDependency */ = {
			isa = PBXTargetDependency;
			target = 7CA3912A2B866EA300A24FE5 /* EasyEvents */;
			targetProxy = 7CA3914C2B866EA500A24FE5 /* PBXContainerItemProxy */;
		};
/* End PBXTargetDependency section */

/* Begin PBXVariantGroup section */
		7CA391342B866EA300A24FE5 /* Main.storyboard */ = {
			isa = PBXVariantGroup;
			children = (
				7CA391352B866EA300A24FE5 /* Base */,
			);
			name = Main.storyboard;
			sourceTree = "<group>";
		};
		7CA391392B866EA500A24FE5 /* LaunchScreen.storyboard */ = {
			isa = PBXVariantGroup;
			children = (
				7CA3913A2B866EA500A24FE5 /* Base */,
			);
			name = LaunchScreen.storyboard;
			sourceTree = "<group>";
		};
/* End PBXVariantGroup section */

/* Begin XCBuildConfiguration section */
		7CA391532B866EA500A24FE5 /* Debug */ = {
			isa = XCBuildConfiguration;
			buildSettings = {
				ALWAYS_SEARCH_USER_PATHS = NO;
				ASSETCATALOG_COMPILER_GENERATE_SWIFT_ASSET_SYMBOL_EXTENSIONS = YES;
				CLANG_ANALYZER_NONNULL = YES;
				CLANG_ANALYZER_NUMBER_OBJECT_CONVERSION = YES_AGGRESSIVE;
				CLANG_CXX_LANGUAGE_STANDARD = "gnu++20";
				CLANG_ENABLE_MODULES = YES;
				CLANG_ENABLE_OBJC_ARC = YES;
				CLANG_ENABLE_OBJC_WEAK = YES;
				CLANG_WARN_BLOCK_CAPTURE_AUTORELEASING = YES;
				CLANG_WARN_BOOL_CONVERSION = YES;
				CLANG_WARN_COMMA = YES;
				CLANG_WARN_CONSTANT_CONVERSION = YES;
				CLANG_WARN_DEPRECATED_OBJC_IMPLEMENTATIONS = YES;
				CLANG_WARN_DIRECT_OBJC_ISA_USAGE = YES_ERROR;
				CLANG_WARN_DOCUMENTATION_COMMENTS = YES;
				CLANG_WARN_EMPTY_BODY = YES;
				CLANG_WARN_ENUM_CONVERSION = YES;
				CLANG_WARN_INFINITE_RECURSION = YES;
				CLANG_WARN_INT_CONVERSION = YES;
				CLANG_WARN_NON_LITERAL_NULL_CONVERSION = YES;
				CLANG_WARN_OBJC_IMPLICIT_RETAIN_SELF = YES;
				CLANG_WARN_OBJC_LITERAL_CONVERSION = YES;
				CLANG_WARN_OBJC_ROOT_CLASS = YES_ERROR;
				CLANG_WARN_QUOTED_INCLUDE_IN_FRAMEWORK_HEADER = YES;
				CLANG_WARN_RANGE_LOOP_ANALYSIS = YES;
				CLANG_WARN_STRICT_PROTOTYPES = YES;
				CLANG_WARN_SUSPICIOUS_MOVE = YES;
				CLANG_WARN_UNGUARDED_AVAILABILITY = YES_AGGRESSIVE;
				CLANG_WARN_UNREACHABLE_CODE = YES;
				CLANG_WARN__DUPLICATE_METHOD_MATCH = YES;
				COPY_PHASE_STRIP = NO;
				DEBUG_INFORMATION_FORMAT = dwarf;
				ENABLE_STRICT_OBJC_MSGSEND = YES;
				ENABLE_TESTABILITY = YES;
				ENABLE_USER_SCRIPT_SANDBOXING = YES;
				GCC_C_LANGUAGE_STANDARD = gnu17;
				GCC_DYNAMIC_NO_PIC = NO;
				GCC_NO_COMMON_BLOCKS = YES;
				GCC_OPTIMIZATION_LEVEL = 0;
				GCC_PREPROCESSOR_DEFINITIONS = (
					"DEBUG=1",
					"$(inherited)",
				);
				GCC_WARN_64_TO_32_BIT_CONVERSION = YES;
				GCC_WARN_ABOUT_RETURN_TYPE = YES_ERROR;
				GCC_WARN_UNDECLARED_SELECTOR = YES;
				GCC_WARN_UNINITIALIZED_AUTOS = YES_AGGRESSIVE;
				GCC_WARN_UNUSED_FUNCTION = YES;
				GCC_WARN_UNUSED_VARIABLE = YES;
				IPHONEOS_DEPLOYMENT_TARGET = 17.2;
				LOCALIZATION_PREFERS_STRING_CATALOGS = YES;
				MTL_ENABLE_DEBUG_INFO = INCLUDE_SOURCE;
				MTL_FAST_MATH = YES;
				ONLY_ACTIVE_ARCH = YES;
				SDKROOT = iphoneos;
				SWIFT_ACTIVE_COMPILATION_CONDITIONS = "DEBUG $(inherited)";
				SWIFT_OPTIMIZATION_LEVEL = "-Onone";
			};
			name = Debug;
		};
		7CA391542B866EA500A24FE5 /* Release */ = {
			isa = XCBuildConfiguration;
			buildSettings = {
				ALWAYS_SEARCH_USER_PATHS = NO;
				ASSETCATALOG_COMPILER_GENERATE_SWIFT_ASSET_SYMBOL_EXTENSIONS = YES;
				CLANG_ANALYZER_NONNULL = YES;
				CLANG_ANALYZER_NUMBER_OBJECT_CONVERSION = YES_AGGRESSIVE;
				CLANG_CXX_LANGUAGE_STANDARD = "gnu++20";
				CLANG_ENABLE_MODULES = YES;
				CLANG_ENABLE_OBJC_ARC = YES;
				CLANG_ENABLE_OBJC_WEAK = YES;
				CLANG_WARN_BLOCK_CAPTURE_AUTORELEASING = YES;
				CLANG_WARN_BOOL_CONVERSION = YES;
				CLANG_WARN_COMMA = YES;
				CLANG_WARN_CONSTANT_CONVERSION = YES;
				CLANG_WARN_DEPRECATED_OBJC_IMPLEMENTATIONS = YES;
				CLANG_WARN_DIRECT_OBJC_ISA_USAGE = YES_ERROR;
				CLANG_WARN_DOCUMENTATION_COMMENTS = YES;
				CLANG_WARN_EMPTY_BODY = YES;
				CLANG_WARN_ENUM_CONVERSION = YES;
				CLANG_WARN_INFINITE_RECURSION = YES;
				CLANG_WARN_INT_CONVERSION = YES;
				CLANG_WARN_NON_LITERAL_NULL_CONVERSION = YES;
				CLANG_WARN_OBJC_IMPLICIT_RETAIN_SELF = YES;
				CLANG_WARN_OBJC_LITERAL_CONVERSION = YES;
				CLANG_WARN_OBJC_ROOT_CLASS = YES_ERROR;
				CLANG_WARN_QUOTED_INCLUDE_IN_FRAMEWORK_HEADER = YES;
				CLANG_WARN_RANGE_LOOP_ANALYSIS = YES;
				CLANG_WARN_STRICT_PROTOTYPES = YES;
				CLANG_WARN_SUSPICIOUS_MOVE = YES;
				CLANG_WARN_UNGUARDED_AVAILABILITY = YES_AGGRESSIVE;
				CLANG_WARN_UNREACHABLE_CODE = YES;
				CLANG_WARN__DUPLICATE_METHOD_MATCH = YES;
				COPY_PHASE_STRIP = NO;
				DEBUG_INFORMATION_FORMAT = "dwarf-with-dsym";
				ENABLE_NS_ASSERTIONS = NO;
				ENABLE_STRICT_OBJC_MSGSEND = YES;
				ENABLE_USER_SCRIPT_SANDBOXING = YES;
				GCC_C_LANGUAGE_STANDARD = gnu17;
				GCC_NO_COMMON_BLOCKS = YES;
				GCC_WARN_64_TO_32_BIT_CONVERSION = YES;
				GCC_WARN_ABOUT_RETURN_TYPE = YES_ERROR;
				GCC_WARN_UNDECLARED_SELECTOR = YES;
				GCC_WARN_UNINITIALIZED_AUTOS = YES_AGGRESSIVE;
				GCC_WARN_UNUSED_FUNCTION = YES;
				GCC_WARN_UNUSED_VARIABLE = YES;
				IPHONEOS_DEPLOYMENT_TARGET = 17.2;
				LOCALIZATION_PREFERS_STRING_CATALOGS = YES;
				MTL_ENABLE_DEBUG_INFO = NO;
				MTL_FAST_MATH = YES;
				SDKROOT = iphoneos;
				SWIFT_COMPILATION_MODE = wholemodule;
				VALIDATE_PRODUCT = YES;
			};
			name = Release;
		};
		7CA391562B866EA500A24FE5 /* Debug */ = {
			isa = XCBuildConfiguration;
			buildSettings = {
				ASSETCATALOG_COMPILER_APPICON_NAME = AppIcon;
				ASSETCATALOG_COMPILER_GLOBAL_ACCENT_COLOR_NAME = AccentColor;
				CODE_SIGN_STYLE = Automatic;
				CURRENT_PROJECT_VERSION = 1;
				GENERATE_INFOPLIST_FILE = YES;
				INFOPLIST_FILE = EasyEvents/Info.plist;
				INFOPLIST_KEY_UIApplicationSupportsIndirectInputEvents = YES;
				INFOPLIST_KEY_UILaunchStoryboardName = LaunchScreen;
				INFOPLIST_KEY_UIMainStoryboardFile = Main;
				INFOPLIST_KEY_UISupportedInterfaceOrientations_iPad = "UIInterfaceOrientationPortrait UIInterfaceOrientationPortraitUpsideDown UIInterfaceOrientationLandscapeLeft UIInterfaceOrientationLandscapeRight";
				INFOPLIST_KEY_UISupportedInterfaceOrientations_iPhone = "UIInterfaceOrientationPortrait UIInterfaceOrientationLandscapeLeft UIInterfaceOrientationLandscapeRight";
				LD_RUNPATH_SEARCH_PATHS = (
					"$(inherited)",
					"@executable_path/Frameworks",
				);
				MARKETING_VERSION = 1.0;
				PRODUCT_BUNDLE_IDENTIFIER = edu.nwmissouri.spring24.cs44643.sec04.EasyEvents;
				PRODUCT_NAME = "$(TARGET_NAME)";
				SWIFT_EMIT_LOC_STRINGS = YES;
				SWIFT_VERSION = 5.0;
				TARGETED_DEVICE_FAMILY = "1,2";
			};
			name = Debug;
		};
		7CA391572B866EA500A24FE5 /* Release */ = {
			isa = XCBuildConfiguration;
			buildSettings = {
				ASSETCATALOG_COMPILER_APPICON_NAME = AppIcon;
				ASSETCATALOG_COMPILER_GLOBAL_ACCENT_COLOR_NAME = AccentColor;
				CODE_SIGN_STYLE = Automatic;
				CURRENT_PROJECT_VERSION = 1;
				GENERATE_INFOPLIST_FILE = YES;
				INFOPLIST_FILE = EasyEvents/Info.plist;
				INFOPLIST_KEY_UIApplicationSupportsIndirectInputEvents = YES;
				INFOPLIST_KEY_UILaunchStoryboardName = LaunchScreen;
				INFOPLIST_KEY_UIMainStoryboardFile = Main;
				INFOPLIST_KEY_UISupportedInterfaceOrientations_iPad = "UIInterfaceOrientationPortrait UIInterfaceOrientationPortraitUpsideDown UIInterfaceOrientationLandscapeLeft UIInterfaceOrientationLandscapeRight";
				INFOPLIST_KEY_UISupportedInterfaceOrientations_iPhone = "UIInterfaceOrientationPortrait UIInterfaceOrientationLandscapeLeft UIInterfaceOrientationLandscapeRight";
				LD_RUNPATH_SEARCH_PATHS = (
					"$(inherited)",
					"@executable_path/Frameworks",
				);
				MARKETING_VERSION = 1.0;
				PRODUCT_BUNDLE_IDENTIFIER = edu.nwmissouri.spring24.cs44643.sec04.EasyEvents;
				PRODUCT_NAME = "$(TARGET_NAME)";
				SWIFT_EMIT_LOC_STRINGS = YES;
				SWIFT_VERSION = 5.0;
				TARGETED_DEVICE_FAMILY = "1,2";
			};
			name = Release;
		};
		7CA391592B866EA500A24FE5 /* Debug */ = {
			isa = XCBuildConfiguration;
			buildSettings = {
				ALWAYS_EMBED_SWIFT_STANDARD_LIBRARIES = YES;
				BUNDLE_LOADER = "$(TEST_HOST)";
				CODE_SIGN_STYLE = Automatic;
				CURRENT_PROJECT_VERSION = 1;
				GENERATE_INFOPLIST_FILE = YES;
				IPHONEOS_DEPLOYMENT_TARGET = 17.2;
				MARKETING_VERSION = 1.0;
				PRODUCT_BUNDLE_IDENTIFIER = edu.nwmissouri.spring24.cs44643.sec04.EasyEventsTests;
				PRODUCT_NAME = "$(TARGET_NAME)";
				SWIFT_EMIT_LOC_STRINGS = NO;
				SWIFT_VERSION = 5.0;
				TARGETED_DEVICE_FAMILY = "1,2";
				TEST_HOST = "$(BUILT_PRODUCTS_DIR)/EasyEvents.app/$(BUNDLE_EXECUTABLE_FOLDER_PATH)/EasyEvents";
			};
			name = Debug;
		};
		7CA3915A2B866EA500A24FE5 /* Release */ = {
			isa = XCBuildConfiguration;
			buildSettings = {
				ALWAYS_EMBED_SWIFT_STANDARD_LIBRARIES = YES;
				BUNDLE_LOADER = "$(TEST_HOST)";
				CODE_SIGN_STYLE = Automatic;
				CURRENT_PROJECT_VERSION = 1;
				GENERATE_INFOPLIST_FILE = YES;
				IPHONEOS_DEPLOYMENT_TARGET = 17.2;
				MARKETING_VERSION = 1.0;
				PRODUCT_BUNDLE_IDENTIFIER = edu.nwmissouri.spring24.cs44643.sec04.EasyEventsTests;
				PRODUCT_NAME = "$(TARGET_NAME)";
				SWIFT_EMIT_LOC_STRINGS = NO;
				SWIFT_VERSION = 5.0;
				TARGETED_DEVICE_FAMILY = "1,2";
				TEST_HOST = "$(BUILT_PRODUCTS_DIR)/EasyEvents.app/$(BUNDLE_EXECUTABLE_FOLDER_PATH)/EasyEvents";
			};
			name = Release;
		};
		7CA3915C2B866EA500A24FE5 /* Debug */ = {
			isa = XCBuildConfiguration;
			buildSettings = {
				ALWAYS_EMBED_SWIFT_STANDARD_LIBRARIES = YES;
				CODE_SIGN_STYLE = Automatic;
				CURRENT_PROJECT_VERSION = 1;
				GENERATE_INFOPLIST_FILE = YES;
				MARKETING_VERSION = 1.0;
				PRODUCT_BUNDLE_IDENTIFIER = edu.nwmissouri.spring24.cs44643.sec04.EasyEventsUITests;
				PRODUCT_NAME = "$(TARGET_NAME)";
				SWIFT_EMIT_LOC_STRINGS = NO;
				SWIFT_VERSION = 5.0;
				TARGETED_DEVICE_FAMILY = "1,2";
				TEST_TARGET_NAME = EasyEvents;
			};
			name = Debug;
		};
		7CA3915D2B866EA500A24FE5 /* Release */ = {
			isa = XCBuildConfiguration;
			buildSettings = {
				ALWAYS_EMBED_SWIFT_STANDARD_LIBRARIES = YES;
				CODE_SIGN_STYLE = Automatic;
				CURRENT_PROJECT_VERSION = 1;
				GENERATE_INFOPLIST_FILE = YES;
				MARKETING_VERSION = 1.0;
				PRODUCT_BUNDLE_IDENTIFIER = edu.nwmissouri.spring24.cs44643.sec04.EasyEventsUITests;
				PRODUCT_NAME = "$(TARGET_NAME)";
				SWIFT_EMIT_LOC_STRINGS = NO;
				SWIFT_VERSION = 5.0;
				TARGETED_DEVICE_FAMILY = "1,2";
				TEST_TARGET_NAME = EasyEvents;
			};
			name = Release;
		};
/* End XCBuildConfiguration section */

/* Begin XCConfigurationList section */
		7CA391262B866EA300A24FE5 /* Build configuration list for PBXProject "EasyEvents" */ = {
			isa = XCConfigurationList;
			buildConfigurations = (
				7CA391532B866EA500A24FE5 /* Debug */,
				7CA391542B866EA500A24FE5 /* Release */,
			);
			defaultConfigurationIsVisible = 0;
			defaultConfigurationName = Release;
		};
		7CA391552B866EA500A24FE5 /* Build configuration list for PBXNativeTarget "EasyEvents" */ = {
			isa = XCConfigurationList;
			buildConfigurations = (
				7CA391562B866EA500A24FE5 /* Debug */,
				7CA391572B866EA500A24FE5 /* Release */,
			);
			defaultConfigurationIsVisible = 0;
			defaultConfigurationName = Release;
		};
		7CA391582B866EA500A24FE5 /* Build configuration list for PBXNativeTarget "EasyEventsTests" */ = {
			isa = XCConfigurationList;
			buildConfigurations = (
				7CA391592B866EA500A24FE5 /* Debug */,
				7CA3915A2B866EA500A24FE5 /* Release */,
			);
			defaultConfigurationIsVisible = 0;
			defaultConfigurationName = Release;
		};
		7CA3915B2B866EA500A24FE5 /* Build configuration list for PBXNativeTarget "EasyEventsUITests" */ = {
			isa = XCConfigurationList;
			buildConfigurations = (
				7CA3915C2B866EA500A24FE5 /* Debug */,
				7CA3915D2B866EA500A24FE5 /* Release */,
			);
			defaultConfigurationIsVisible = 0;
			defaultConfigurationName = Release;
		};
/* End XCConfigurationList section */

/* Begin XCRemoteSwiftPackageReference section */
		7CA391602B8670B000A24FE5 /* XCRemoteSwiftPackageReference "lottie-ios" */ = {
			isa = XCRemoteSwiftPackageReference;
			repositoryURL = "https://github.com/airbnb/lottie-ios.git";
			requirement = {
				kind = upToNextMajorVersion;
				minimumVersion = 4.4.0;
			};
		};
		869FA3722B88056700E59550 /* XCRemoteSwiftPackageReference "AnimatedGradientView" */ = {
			isa = XCRemoteSwiftPackageReference;
			repositoryURL = "https://github.com/rwbutler/AnimatedGradientView.git";
			requirement = {
				kind = upToNextMajorVersion;
				minimumVersion = 3.1.1;
			};
		};
/* End XCRemoteSwiftPackageReference section */

/* Begin XCSwiftPackageProductDependency section */
		7CA391612B8670B000A24FE5 /* Lottie */ = {
			isa = XCSwiftPackageProductDependency;
			package = 7CA391602B8670B000A24FE5 /* XCRemoteSwiftPackageReference "lottie-ios" */;
			productName = Lottie;
		};
		869FA3732B88056700E59550 /* AnimatedGradientView */ = {
			isa = XCSwiftPackageProductDependency;
			package = 869FA3722B88056700E59550 /* XCRemoteSwiftPackageReference "AnimatedGradientView" */;
			productName = AnimatedGradientView;
		};
/* End XCSwiftPackageProductDependency section */
	};
	rootObject = 7CA391232B866EA300A24FE5 /* Project object */;
}
